// !$*UTF8*$!
{
	archiveVersion = 1;
	classes = {
	};
	objectVersion = 77;
	objects = {

/* Begin PBXContainerItemProxy section */
		028C82682E2E3FB8003EBC15 /* PBXContainerItemProxy */ = {
			isa = PBXContainerItemProxy;
			containerPortal = 028C82512E2E3FB7003EBC15 /* Project object */;
			proxyType = 1;
			remoteGlobalIDString = 028C82582E2E3FB7003EBC15;
			remoteInfo = "Notchly AI";
		};
		028C82722E2E3FB8003EBC15 /* PBXContainerItemProxy */ = {
			isa = PBXContainerItemProxy;
			containerPortal = 028C82512E2E3FB7003EBC15 /* Project object */;
			proxyType = 1;
			remoteGlobalIDString = 028C82582E2E3FB7003EBC15;
			remoteInfo = "Notchly AI";
		};
/* End PBXContainerItemProxy section */

/* Begin PBXFileReference section */
		028C82592E2E3FB7003EBC15 /* Notchly AI.app */ = {isa = PBXFileReference; explicitFileType = wrapper.application; includeInIndex = 0; path = "Notchly AI.app"; sourceTree = BUILT_PRODUCTS_DIR; };
		028C82672E2E3FB8003EBC15 /* Notchly AITests.xctest */ = {isa = PBXFileReference; explicitFileType = wrapper.cfbundle; includeInIndex = 0; path = "Notchly AITests.xctest"; sourceTree = BUILT_PRODUCTS_DIR; };
		028C82712E2E3FB8003EBC15 /* Notchly AIUITests.xctest */ = {isa = PBXFileReference; explicitFileType = wrapper.cfbundle; includeInIndex = 0; path = "Notchly AIUITests.xctest"; sourceTree = BUILT_PRODUCTS_DIR; };
/* End PBXFileReference section */

/* Begin PBXFileSystemSynchronizedBuildFileExceptionSet section */
		025B4B7D2E2E86CB004CD722 /* Exceptions for "Notchly AI" folder in "Notchly AITests" target */ = {
			isa = PBXFileSystemSynchronizedBuildFileExceptionSet;
			membershipExceptions = (
				Assets.xcassets,
			);
			target = 028C82662E2E3FB8003EBC15 /* Notchly AITests */;
		};
		025B4B7E2E2E86CB004CD722 /* Exceptions for "Notchly AI" folder in "Notchly AIUITests" target */ = {
			isa = PBXFileSystemSynchronizedBuildFileExceptionSet;
			membershipExceptions = (
				Assets.xcassets,
			);
			target = 028C82702E2E3FB8003EBC15 /* Notchly AIUITests */;
		};
		029108CD2E2EABFD00EDD6F8 /* Exceptions for "Notchly AI" folder in "Notchly AI" target */ = {
			isa = PBXFileSystemSynchronizedBuildFileExceptionSet;
			platformFiltersByRelativePath = {
				Assets.xcassets = (macos, );
			};
			target = 028C82582E2E3FB7003EBC15 /* Notchly AI */;
		};
/* End PBXFileSystemSynchronizedBuildFileExceptionSet section */

/* Begin PBXFileSystemSynchronizedRootGroup section */
		028C825B2E2E3FB7003EBC15 /* Notchly AI */ = {
			isa = PBXFileSystemSynchronizedRootGroup;
			exceptions = (
				029108CD2E2EABFD00EDD6F8 /* Exceptions for "Notchly AI" folder in "Notchly AI" target */,
				025B4B7D2E2E86CB004CD722 /* Exceptions for "Notchly AI" folder in "Notchly AITests" target */,
				025B4B7E2E2E86CB004CD722 /* Exceptions for "Notchly AI" folder in "Notchly AIUITests" target */,
			);
			path = "Notchly AI";
			sourceTree = "<group>";
		};
		028C826A2E2E3FB8003EBC15 /* Notchly AITests */ = {
			isa = PBXFileSystemSynchronizedRootGroup;
			path = "Notchly AITests";
			sourceTree = "<group>";
		};
		028C82742E2E3FB8003EBC15 /* Notchly AIUITests */ = {
			isa = PBXFileSystemSynchronizedRootGroup;
			path = "Notchly AIUITests";
			sourceTree = "<group>";
		};
/* End PBXFileSystemSynchronizedRootGroup section */

/* Begin PBXFrameworksBuildPhase section */
		028C82562E2E3FB7003EBC15 /* Frameworks */ = {
			isa = PBXFrameworksBuildPhase;
			buildActionMask = 2147483647;
			files = (
			);
			runOnlyForDeploymentPostprocessing = 0;
		};
		028C82642E2E3FB8003EBC15 /* Frameworks */ = {
			isa = PBXFrameworksBuildPhase;
			buildActionMask = 2147483647;
			files = (
			);
			runOnlyForDeploymentPostprocessing = 0;
		};
		028C826E2E2E3FB8003EBC15 /* Frameworks */ = {
			isa = PBXFrameworksBuildPhase;
			buildActionMask = 2147483647;
			files = (
			);
			runOnlyForDeploymentPostprocessing = 0;
		};
/* End PBXFrameworksBuildPhase section */

/* Begin PBXGroup section */
		028C82502E2E3FB7003EBC15 = {
			isa = PBXGroup;
			children = (
				028C825B2E2E3FB7003EBC15 /* Notchly AI */,
				028C826A2E2E3FB8003EBC15 /* Notchly AITests */,
				028C82742E2E3FB8003EBC15 /* Notchly AIUITests */,
				028C825A2E2E3FB7003EBC15 /* Products */,
			);
			sourceTree = "<group>";
			usesTabs = 0;
		};
		028C825A2E2E3FB7003EBC15 /* Products */ = {
			isa = PBXGroup;
			children = (
				028C82592E2E3FB7003EBC15 /* Notchly AI.app */,
				028C82672E2E3FB8003EBC15 /* Notchly AITests.xctest */,
				028C82712E2E3FB8003EBC15 /* Notchly AIUITests.xctest */,
			);
			name = Products;
			sourceTree = "<group>";
		};
/* End PBXGroup section */

/* Begin PBXNativeTarget section */
		028C82582E2E3FB7003EBC15 /* Notchly AI */ = {
			isa = PBXNativeTarget;
			buildConfigurationList = 028C827B2E2E3FB8003EBC15 /* Build configuration list for PBXNativeTarget "Notchly AI" */;
			buildPhases = (
				028C82552E2E3FB7003EBC15 /* Sources */,
				028C82562E2E3FB7003EBC15 /* Frameworks */,
				028C82572E2E3FB7003EBC15 /* Resources */,
			);
			buildRules = (
			);
			dependencies = (
			);
			fileSystemSynchronizedGroups = (
				028C825B2E2E3FB7003EBC15 /* Notchly AI */,
			);
			name = "Notchly AI";
			packageProductDependencies = (
			);
			productName = "Notchly AI";
			productReference = 028C82592E2E3FB7003EBC15 /* Notchly AI.app */;
			productType = "com.apple.product-type.application";
		};
		028C82662E2E3FB8003EBC15 /* Notchly AITests */ = {
			isa = PBXNativeTarget;
			buildConfigurationList = 028C827E2E2E3FB8003EBC15 /* Build configuration list for PBXNativeTarget "Notchly AITests" */;
			buildPhases = (
				028C82632E2E3FB8003EBC15 /* Sources */,
				028C82642E2E3FB8003EBC15 /* Frameworks */,
				028C82652E2E3FB8003EBC15 /* Resources */,
			);
			buildRules = (
			);
			dependencies = (
				028C82692E2E3FB8003EBC15 /* PBXTargetDependency */,
			);
			fileSystemSynchronizedGroups = (
				028C826A2E2E3FB8003EBC15 /* Notchly AITests */,
			);
			name = "Notchly AITests";
			packageProductDependencies = (
			);
			productName = "Notchly AITests";
			productReference = 028C82672E2E3FB8003EBC15 /* Notchly AITests.xctest */;
			productType = "com.apple.product-type.bundle.unit-test";
		};
		028C82702E2E3FB8003EBC15 /* Notchly AIUITests */ = {
			isa = PBXNativeTarget;
			buildConfigurationList = 028C82812E2E3FB8003EBC15 /* Build configuration list for PBXNativeTarget "Notchly AIUITests" */;
			buildPhases = (
				028C826D2E2E3FB8003EBC15 /* Sources */,
				028C826E2E2E3FB8003EBC15 /* Frameworks */,
				028C826F2E2E3FB8003EBC15 /* Resources */,
			);
			buildRules = (
			);
			dependencies = (
				028C82732E2E3FB8003EBC15 /* PBXTargetDependency */,
			);
			fileSystemSynchronizedGroups = (
				028C82742E2E3FB8003EBC15 /* Notchly AIUITests */,
			);
			name = "Notchly AIUITests";
			packageProductDependencies = (
			);
			productName = "Notchly AIUITests";
			productReference = 028C82712E2E3FB8003EBC15 /* Notchly AIUITests.xctest */;
			productType = "com.apple.product-type.bundle.ui-testing";
		};
/* End PBXNativeTarget section */

/* Begin PBXProject section */
		028C82512E2E3FB7003EBC15 /* Project object */ = {
			isa = PBXProject;
			attributes = {
				BuildIndependentTargetsInParallel = 1;
				LastSwiftUpdateCheck = 1640;
				LastUpgradeCheck = 1640;
				TargetAttributes = {
					028C82582E2E3FB7003EBC15 = {
						CreatedOnToolsVersion = 16.4;
					};
					028C82662E2E3FB8003EBC15 = {
						CreatedOnToolsVersion = 16.4;
						TestTargetID = 028C82582E2E3FB7003EBC15;
					};
					028C82702E2E3FB8003EBC15 = {
						CreatedOnToolsVersion = 16.4;
						TestTargetID = 028C82582E2E3FB7003EBC15;
					};
				};
			};
			buildConfigurationList = 028C82542E2E3FB7003EBC15 /* Build configuration list for PBXProject "Notchly AI" */;
			developmentRegion = en;
			hasScannedForEncodings = 0;
			knownRegions = (
				en,
				Base,
			);
			mainGroup = 028C82502E2E3FB7003EBC15;
			minimizedProjectReferenceProxies = 1;
			preferredProjectObjectVersion = 77;
			productRefGroup = 028C825A2E2E3FB7003EBC15 /* Products */;
			projectDirPath = "";
			projectRoot = "";
			targets = (
				028C82582E2E3FB7003EBC15 /* Notchly AI */,
				028C82662E2E3FB8003EBC15 /* Notchly AITests */,
				028C82702E2E3FB8003EBC15 /* Notchly AIUITests */,
			);
		};
/* End PBXProject section */

/* Begin PBXResourcesBuildPhase section */
		028C82572E2E3FB7003EBC15 /* Resources */ = {
			isa = PBXResourcesBuildPhase;
			buildActionMask = 2147483647;
			files = (
			);
			runOnlyForDeploymentPostprocessing = 0;
		};
		028C82652E2E3FB8003EBC15 /* Resources */ = {
			isa = PBXResourcesBuildPhase;
			buildActionMask = 2147483647;
			files = (
			);
			runOnlyForDeploymentPostprocessing = 0;
		};
		028C826F2E2E3FB8003EBC15 /* Resources */ = {
			isa = PBXResourcesBuildPhase;
			buildActionMask = 2147483647;
			files = (
			);
			runOnlyForDeploymentPostprocessing = 0;
		};
/* End PBXResourcesBuildPhase section */

/* Begin PBXSourcesBuildPhase section */
		028C82552E2E3FB7003EBC15 /* Sources */ = {
			isa = PBXSourcesBuildPhase;
			buildActionMask = 2147483647;
			files = (
			);
			runOnlyForDeploymentPostprocessing = 0;
		};
		028C82632E2E3FB8003EBC15 /* Sources */ = {
			isa = PBXSourcesBuildPhase;
			buildActionMask = 2147483647;
			files = (
			);
			runOnlyForDeploymentPostprocessing = 0;
		};
		028C826D2E2E3FB8003EBC15 /* Sources */ = {
			isa = PBXSourcesBuildPhase;
			buildActionMask = 2147483647;
			files = (
			);
			runOnlyForDeploymentPostprocessing = 0;
		};
/* End PBXSourcesBuildPhase section */

/* Begin PBXTargetDependency section */
		028C82692E2E3FB8003EBC15 /* PBXTargetDependency */ = {
			isa = PBXTargetDependency;
			target = 028C82582E2E3FB7003EBC15 /* Notchly AI */;
			targetProxy = 028C82682E2E3FB8003EBC15 /* PBXContainerItemProxy */;
		};
		028C82732E2E3FB8003EBC15 /* PBXTargetDependency */ = {
			isa = PBXTargetDependency;
			target = 028C82582E2E3FB7003EBC15 /* Notchly AI */;
			targetProxy = 028C82722E2E3FB8003EBC15 /* PBXContainerItemProxy */;
		};
/* End PBXTargetDependency section */

/* Begin XCBuildConfiguration section */
		028C82792E2E3FB8003EBC15 /* Debug */ = {
			isa = XCBuildConfiguration;
			buildSettings = {
				ALWAYS_SEARCH_USER_PATHS = NO;
				ASSETCATALOG_COMPILER_GENERATE_SWIFT_ASSET_SYMBOL_EXTENSIONS = YES;
				CLANG_ANALYZER_NONNULL = YES;
				CLANG_ANALYZER_NUMBER_OBJECT_CONVERSION = YES_AGGRESSIVE;
				CLANG_CXX_LANGUAGE_STANDARD = "gnu++20";
				CLANG_ENABLE_MODULES = YES;
				CLANG_ENABLE_OBJC_ARC = YES;
				CLANG_ENABLE_OBJC_WEAK = YES;
				CLANG_WARN_BLOCK_CAPTURE_AUTORELEASING = YES;
				CLANG_WARN_BOOL_CONVERSION = YES;
				CLANG_WARN_COMMA = YES;
				CLANG_WARN_CONSTANT_CONVERSION = YES;
				CLANG_WARN_DEPRECATED_OBJC_IMPLEMENTATIONS = YES;
				CLANG_WARN_DIRECT_OBJC_ISA_USAGE = YES_ERROR;
				CLANG_WARN_DOCUMENTATION_COMMENTS = YES;
				CLANG_WARN_EMPTY_BODY = YES;
				CLANG_WARN_ENUM_CONVERSION = YES;
				CLANG_WARN_INFINITE_RECURSION = YES;
				CLANG_WARN_INT_CONVERSION = YES;
				CLANG_WARN_NON_LITERAL_NULL_CONVERSION = YES;
				CLANG_WARN_OBJC_IMPLICIT_RETAIN_SELF = YES;
				CLANG_WARN_OBJC_LITERAL_CONVERSION = YES;
				CLANG_WARN_OBJC_ROOT_CLASS = YES_ERROR;
				CLANG_WARN_QUOTED_INCLUDE_IN_FRAMEWORK_HEADER = YES;
				CLANG_WARN_RANGE_LOOP_ANALYSIS = YES;
				CLANG_WARN_STRICT_PROTOTYPES = YES;
				CLANG_WARN_SUSPICIOUS_MOVE = YES;
				CLANG_WARN_UNGUARDED_AVAILABILITY = YES_AGGRESSIVE;
				CLANG_WARN_UNREACHABLE_CODE = YES;
				CLANG_WARN__DUPLICATE_METHOD_MATCH = YES;
				COPY_PHASE_STRIP = NO;
				DEBUG_INFORMATION_FORMAT = dwarf;
				DEVELOPMENT_TEAM = N49CD9LJLT;
				ENABLE_STRICT_OBJC_MSGSEND = YES;
				ENABLE_TESTABILITY = YES;
				ENABLE_USER_SCRIPT_SANDBOXING = YES;
				GCC_C_LANGUAGE_STANDARD = gnu17;
				GCC_DYNAMIC_NO_PIC = NO;
				GCC_NO_COMMON_BLOCKS = YES;
				GCC_OPTIMIZATION_LEVEL = 0;
				GCC_PREPROCESSOR_DEFINITIONS = (
					"DEBUG=1",
					"$(inherited)",
				);
				GCC_WARN_64_TO_32_BIT_CONVERSION = YES;
				GCC_WARN_ABOUT_RETURN_TYPE = YES_ERROR;
				GCC_WARN_UNDECLARED_SELECTOR = YES;
				GCC_WARN_UNINITIALIZED_AUTOS = YES_AGGRESSIVE;
				GCC_WARN_UNUSED_FUNCTION = YES;
				GCC_WARN_UNUSED_VARIABLE = YES;
				LOCALIZATION_PREFERS_STRING_CATALOGS = YES;
				MACOSX_DEPLOYMENT_TARGET = 15.5;
				MTL_ENABLE_DEBUG_INFO = INCLUDE_SOURCE;
				MTL_FAST_MATH = YES;
				ONLY_ACTIVE_ARCH = YES;
				SDKROOT = macosx;
				SWIFT_ACTIVE_COMPILATION_CONDITIONS = "DEBUG $(inherited)";
				SWIFT_OPTIMIZATION_LEVEL = "-Onone";
			};
			name = Debug;
		};
		028C827A2E2E3FB8003EBC15 /* Release */ = {
			isa = XCBuildConfiguration;
			buildSettings = {
				ALWAYS_SEARCH_USER_PATHS = NO;
				ASSETCATALOG_COMPILER_GENERATE_SWIFT_ASSET_SYMBOL_EXTENSIONS = YES;
				CLANG_ANALYZER_NONNULL = YES;
				CLANG_ANALYZER_NUMBER_OBJECT_CONVERSION = YES_AGGRESSIVE;
				CLANG_CXX_LANGUAGE_STANDARD = "gnu++20";
				CLANG_ENABLE_MODULES = YES;
				CLANG_ENABLE_OBJC_ARC = YES;
				CLANG_ENABLE_OBJC_WEAK = YES;
				CLANG_WARN_BLOCK_CAPTURE_AUTORELEASING = YES;
				CLANG_WARN_BOOL_CONVERSION = YES;
				CLANG_WARN_COMMA = YES;
				CLANG_WARN_CONSTANT_CONVERSION = YES;
				CLANG_WARN_DEPRECATED_OBJC_IMPLEMENTATIONS = YES;
				CLANG_WARN_DIRECT_OBJC_ISA_USAGE = YES_ERROR;
				CLANG_WARN_DOCUMENTATION_COMMENTS = YES;
				CLANG_WARN_EMPTY_BODY = YES;
				CLANG_WARN_ENUM_CONVERSION = YES;
				CLANG_WARN_INFINITE_RECURSION = YES;
				CLANG_WARN_INT_CONVERSION = YES;
				CLANG_WARN_NON_LITERAL_NULL_CONVERSION = YES;
				CLANG_WARN_OBJC_IMPLICIT_RETAIN_SELF = YES;
				CLANG_WARN_OBJC_LITERAL_CONVERSION = YES;
				CLANG_WARN_OBJC_ROOT_CLASS = YES_ERROR;
				CLANG_WARN_QUOTED_INCLUDE_IN_FRAMEWORK_HEADER = YES;
				CLANG_WARN_RANGE_LOOP_ANALYSIS = YES;
				CLANG_WARN_STRICT_PROTOTYPES = YES;
				CLANG_WARN_SUSPICIOUS_MOVE = YES;
				CLANG_WARN_UNGUARDED_AVAILABILITY = YES_AGGRESSIVE;
				CLANG_WARN_UNREACHABLE_CODE = YES;
				CLANG_WARN__DUPLICATE_METHOD_MATCH = YES;
				COPY_PHASE_STRIP = NO;
				DEBUG_INFORMATION_FORMAT = "dwarf-with-dsym";
				DEVELOPMENT_TEAM = N49CD9LJLT;
				ENABLE_NS_ASSERTIONS = NO;
				ENABLE_STRICT_OBJC_MSGSEND = YES;
				ENABLE_USER_SCRIPT_SANDBOXING = YES;
				GCC_C_LANGUAGE_STANDARD = gnu17;
				GCC_NO_COMMON_BLOCKS = YES;
				GCC_WARN_64_TO_32_BIT_CONVERSION = YES;
				GCC_WARN_ABOUT_RETURN_TYPE = YES_ERROR;
				GCC_WARN_UNDECLARED_SELECTOR = YES;
				GCC_WARN_UNINITIALIZED_AUTOS = YES_AGGRESSIVE;
				GCC_WARN_UNUSED_FUNCTION = YES;
				GCC_WARN_UNUSED_VARIABLE = YES;
				LOCALIZATION_PREFERS_STRING_CATALOGS = YES;
				MACOSX_DEPLOYMENT_TARGET = 15.5;
				MTL_ENABLE_DEBUG_INFO = NO;
				MTL_FAST_MATH = YES;
				SDKROOT = macosx;
				SWIFT_COMPILATION_MODE = wholemodule;
			};
			name = Release;
		};
		028C827C2E2E3FB8003EBC15 /* Debug */ = {
			isa = XCBuildConfiguration;
			buildSettings = {
				ASSETCATALOG_COMPILER_APPICON_NAME = AppIcon;
				ASSETCATALOG_COMPILER_GLOBAL_ACCENT_COLOR_NAME = AccentColor;
				ASSETCATALOG_COMPILER_INCLUDE_ALL_APPICON_ASSETS = NO;
				CODE_SIGN_ENTITLEMENTS = "Notchly AI/Notchly_AI.entitlements";
				"CODE_SIGN_IDENTITY[sdk=macosx*]" = "Apple Development";
				CODE_SIGN_STYLE = Automatic;
				COMBINE_HIDPI_IMAGES = YES;
				CURRENT_PROJECT_VERSION = 1;
				DEVELOPMENT_TEAM = N49CD9LJLT;
				ENABLE_HARDENED_RUNTIME = YES;
				ENABLE_PREVIEWS = YES;
				GENERATE_INFOPLIST_FILE = YES;
				INFOPLIST_FILE = "Notchly-AI-Info.plist";
				INFOPLIST_KEY_CFBundleDisplayName = "Notchly AI";
				INFOPLIST_KEY_LSApplicationCategoryType = "public.app-category.productivity";
				INFOPLIST_KEY_LSUIElement = YES;
				INFOPLIST_KEY_NSHumanReadableCopyright = "";
				LD_RUNPATH_SEARCH_PATHS = (
					"$(inherited)",
					"@executable_path/../Frameworks",
				);
				MACOSX_DEPLOYMENT_TARGET = 13;
				MARKETING_VERSION = 2.2;
				PRODUCT_BUNDLE_IDENTIFIER = "school.Notchly-AI";
				PRODUCT_NAME = "$(TARGET_NAME)";
				REGISTER_APP_GROUPS = YES;
				SWIFT_EMIT_LOC_STRINGS = YES;
				SWIFT_VERSION = 5.0;
			};
			name = Debug;
		};
		028C827D2E2E3FB8003EBC15 /* Release */ = {
			isa = XCBuildConfiguration;
			buildSettings = {
				ASSETCATALOG_COMPILER_APPICON_NAME = AppIcon;
				ASSETCATALOG_COMPILER_GLOBAL_ACCENT_COLOR_NAME = AccentColor;
				ASSETCATALOG_COMPILER_INCLUDE_ALL_APPICON_ASSETS = NO;
				CODE_SIGN_ENTITLEMENTS = "Notchly AI/Notchly_AI.entitlements";
				"CODE_SIGN_IDENTITY[sdk=macosx*]" = "Apple Development";
				CODE_SIGN_STYLE = Automatic;
				COMBINE_HIDPI_IMAGES = YES;
				CURRENT_PROJECT_VERSION = 1;
				DEVELOPMENT_TEAM = N49CD9LJLT;
				ENABLE_HARDENED_RUNTIME = YES;
				ENABLE_PREVIEWS = YES;
				GENERATE_INFOPLIST_FILE = YES;
				INFOPLIST_FILE = "Notchly-AI-Info.plist";
				INFOPLIST_KEY_CFBundleDisplayName = "Notchly AI";
				INFOPLIST_KEY_LSApplicationCategoryType = "public.app-category.productivity";
				INFOPLIST_KEY_LSUIElement = YES;
				INFOPLIST_KEY_NSHumanReadableCopyright = "";
				LD_RUNPATH_SEARCH_PATHS = (
					"$(inherited)",
					"@executable_path/../Frameworks",
				);
				MACOSX_DEPLOYMENT_TARGET = 13;
				MARKETING_VERSION = 2.2;
				PRODUCT_BUNDLE_IDENTIFIER = "school.Notchly-AI";
				PRODUCT_NAME = "$(TARGET_NAME)";
				REGISTER_APP_GROUPS = YES;
				SWIFT_EMIT_LOC_STRINGS = YES;
				SWIFT_VERSION = 5.0;
			};
			name = Release;
		};
		028C827F2E2E3FB8003EBC15 /* Debug */ = {
			isa = XCBuildConfiguration;
			buildSettings = {
				BUNDLE_LOADER = "$(TEST_HOST)";
				CODE_SIGN_STYLE = Automatic;
				CURRENT_PROJECT_VERSION = 1;
				DEVELOPMENT_TEAM = N49CD9LJLT;
				GENERATE_INFOPLIST_FILE = YES;
				MACOSX_DEPLOYMENT_TARGET = 15.5;
				MARKETING_VERSION = 1.0;
				PRODUCT_BUNDLE_IDENTIFIER = "school.Notchly-AITests";
				PRODUCT_NAME = "$(TARGET_NAME)";
				SWIFT_EMIT_LOC_STRINGS = NO;
				SWIFT_VERSION = 5.0;
				TEST_HOST = "$(BUILT_PRODUCTS_DIR)/Notchly AI.app/$(BUNDLE_EXECUTABLE_FOLDER_PATH)/Notchly AI";
			};
			name = Debug;
		};
		028C82802E2E3FB8003EBC15 /* Release */ = {
			isa = XCBuildConfiguration;
			buildSettings = {
				BUNDLE_LOADER = "$(TEST_HOST)";
				CODE_SIGN_STYLE = Automatic;
				CURRENT_PROJECT_VERSION = 1;
				DEVELOPMENT_TEAM = N49CD9LJLT;
				GENERATE_INFOPLIST_FILE = YES;
				MACOSX_DEPLOYMENT_TARGET = 15.5;
				MARKETING_VERSION = 1.0;
				PRODUCT_BUNDLE_IDENTIFIER = "school.Notchly-AITests";
				PRODUCT_NAME = "$(TARGET_NAME)";
				SWIFT_EMIT_LOC_STRINGS = NO;
				SWIFT_VERSION = 5.0;
				TEST_HOST = "$(BUILT_PRODUCTS_DIR)/Notchly AI.app/$(BUNDLE_EXECUTABLE_FOLDER_PATH)/Notchly AI";
			};
			name = Release;
		};
		028C82822E2E3FB8003EBC15 /* Debug */ = {
			isa = XCBuildConfiguration;
			buildSettings = {
				CODE_SIGN_STYLE = Automatic;
				CURRENT_PROJECT_VERSION = 1;
				DEVELOPMENT_TEAM = N49CD9LJLT;
				GENERATE_INFOPLIST_FILE = YES;
				MARKETING_VERSION = 1.0;
				PRODUCT_BUNDLE_IDENTIFIER = "school.Notchly-AIUITests";
				PRODUCT_NAME = "$(TARGET_NAME)";
				SWIFT_EMIT_LOC_STRINGS = NO;
				SWIFT_VERSION = 5.0;
				TEST_TARGET_NAME = "Notchly AI";
			};
			name = Debug;
		};
		028C82832E2E3FB8003EBC15 /* Release */ = {
			isa = XCBuildConfiguration;
			buildSettings = {
				CODE_SIGN_STYLE = Automatic;
				CURRENT_PROJECT_VERSION = 1;
				DEVELOPMENT_TEAM = N49CD9LJLT;
				GENERATE_INFOPLIST_FILE = YES;
				MARKETING_VERSION = 1.0;
				PRODUCT_BUNDLE_IDENTIFIER = "school.Notchly-AIUITests";
				PRODUCT_NAME = "$(TARGET_NAME)";
				SWIFT_EMIT_LOC_STRINGS = NO;
				SWIFT_VERSION = 5.0;
				TEST_TARGET_NAME = "Notchly AI";
			};
			name = Release;
		};
/* End XCBuildConfiguration section */

/* Begin XCConfigurationList section */
		028C82542E2E3FB7003EBC15 /* Build configuration list for PBXProject "Notchly AI" */ = {
			isa = XCConfigurationList;
			buildConfigurations = (
				028C82792E2E3FB8003EBC15 /* Debug */,
				028C827A2E2E3FB8003EBC15 /* Release */,
			);
			defaultConfigurationIsVisible = 0;
			defaultConfigurationName = Release;
		};
		028C827B2E2E3FB8003EBC15 /* Build configuration list for PBXNativeTarget "Notchly AI" */ = {
			isa = XCConfigurationList;
			buildConfigurations = (
				028C827C2E2E3FB8003EBC15 /* Debug */,
				028C827D2E2E3FB8003EBC15 /* Release */,
			);
			defaultConfigurationIsVisible = 0;
			defaultConfigurationName = Release;
		};
		028C827E2E2E3FB8003EBC15 /* Build configuration list for PBXNativeTarget "Notchly AITests" */ = {
			isa = XCConfigurationList;
			buildConfigurations = (
				028C827F2E2E3FB8003EBC15 /* Debug */,
				028C82802E2E3FB8003EBC15 /* Release */,
			);
			defaultConfigurationIsVisible = 0;
			defaultConfigurationName = Release;
		};
		028C82812E2E3FB8003EBC15 /* Build configuration list for PBXNativeTarget "Notchly AIUITests" */ = {
			isa = XCConfigurationList;
			buildConfigurations = (
				028C82822E2E3FB8003EBC15 /* Debug */,
				028C82832E2E3FB8003EBC15 /* Release */,
			);
			defaultConfigurationIsVisible = 0;
			defaultConfigurationName = Release;
		};
/* End XCConfigurationList section */
	};
	rootObject = 028C82512E2E3FB7003EBC15 /* Project object */;
}
